
Microsoft Visual Studio Solution File, Format Version 12.00
# Visual Studio Version 17
VisualStudioVersion = 17.5.33424.131
MinimumVisualStudioVersion = 10.0.40219.1
Project("{9A19103F-16F7-4668-BE54-9A1E7A4F7556}") = "Foodie", "Foodie.csproj", "{90416D78-D424-437E-82DA-30EE4A85639E}"
EndProject
Global
	GlobalSection(SolutionConfigurationPlatforms) = preSolution
		Debug|Any CPU = Debug|Any CPU
		Release|Any CPU = Release|Any CPU
	EndGlobalSection
	GlobalSection(ProjectConfigurationPlatforms) = postSolution
		{90416D78-D424-437E-82DA-30EE4A85639E}.Debug|Any CPU.ActiveCfg = Debug|Any CPU
		{90416D78-D424-437E-82DA-30EE4A85639E}.Debug|Any CPU.Build.0 = Debug|Any CPU
		{90416D78-D424-437E-82DA-30EE4A85639E}.Release|Any CPU.ActiveCfg = Release|Any CPU
		{90416D78-D424-437E-82DA-30EE4A85639E}.Release|Any CPU.Build.0 = Release|Any CPU
	EndGlobalSection
	GlobalSection(SolutionProperties) = preSolution
		HideSolutionNode = FALSE
	EndGlobalSection
	GlobalSection(ExtensibilityGlobals) = postSolution
		SolutionGuid = {959C48C2-FEDC-4EC5-AA85-4B601451958F}
	EndGlobalSection
EndGlobal
